{
  "nodes": {
    "fenix": {
      "inputs": {
        "nixpkgs": [
          "nixpkgs"
        ],
        "rust-analyzer-src": "rust-analyzer-src"
      },
      "locked": {
        "lastModified": 1667543495,
        "narHash": "sha256-UoIlfoJwWaN0nOGxjo2bJ+cpfUToNW8nC+BZrR3Yuhk=",
        "owner": "nix-community",
        "repo": "fenix",
        "rev": "6369e55b8ba49b896da496c06013d7cb0d1395c6",
        "type": "github"
      },
      "original": {
        "owner": "nix-community",
        "repo": "fenix",
        "type": "github"
      }
    },
    "gossamer-submodule": {
      "flake": false,
      "locked": {
        "lastModified": 1674836942,
        "narHash": "sha256-DxT3DMwMChiNFSMBpCuKc7eA0Vri95zdnBKuO2nDZA8=",
        "ref": "c9587208c74bad29b40163dbbbfc0a986d930ce2",
        "rev": "c9587208c74bad29b40163dbbbfc0a986d930ce2",
        "revCount": 1532,
        "type": "git",
        "url": "file:./hosts/gossamer"
      },
      "original": {
        "type": "git",
        "url": "file:./hosts/gossamer"
      }
    },
    "kagome-submodule": {
      "flake": false,
      "locked": {
        "lastModified": 1667467061,
        "narHash": "sha256-UmVf2cg1TlUhP5zga8dOjiutd/yrhmwtCwTKFg8dm2Y=",
        "ref": "e47d231f8db01a04826f40016e7fff1c29e30d2e",
        "rev": "e47d231f8db01a04826f40016e7fff1c29e30d2e",
        "revCount": 821,
        "type": "git",
        "url": "file:./hosts/kagome"
      },
      "original": {
        "type": "git",
        "url": "file:./hosts/kagome"
      }
    },
    "naersk": {
      "inputs": {
        "nixpkgs": [
          "nixpkgs"
        ]
      },
      "locked": {
        "lastModified": 1662220400,
        "narHash": "sha256-9o2OGQqu4xyLZP9K6kNe1pTHnyPz0Wr3raGYnr9AIgY=",
        "owner": "nix-community",
        "repo": "naersk",
        "rev": "6944160c19cb591eb85bbf9b2f2768a935623ed3",
        "type": "github"
      },
      "original": {
        "owner": "nix-community",
        "repo": "naersk",
        "type": "github"
      }
    },
    "nixpkgs": {
      "locked": {
        "lastModified": 1660926553,
        "narHash": "sha256-19Ib1b7Ny+yGhnxwnH1KhhB2hvALuNuqevA6XzqkQmo=",
        "path": "/nix/store/5mdm97ryfgnsh02h7jiragdmcgh6vbvp-source",
        "rev": "00e376e3f3c22d991052dfeaf154c42b09deeb29",
        "type": "path"
      },
      "original": {
        "id": "nixpkgs",
        "type": "indirect"
      }
    },
    "root": {
      "inputs": {
        "fenix": "fenix",
        "gossamer-submodule": "gossamer-submodule",
        "kagome-submodule": "kagome-submodule",
        "naersk": "naersk",
        "nixpkgs": "nixpkgs",
        "substrate-submodule": "substrate-submodule",
        "utils": "utils"
      }
    },
    "rust-analyzer-src": {
      "flake": false,
      "locked": {
        "lastModified": 1667483916,
        "narHash": "sha256-CppzXdlxWllq6QxWbWnSH+NixVQ7UaN5jogRcKka0/g=",
        "owner": "rust-lang",
        "repo": "rust-analyzer",
        "rev": "bbcb77ea6fc08df598b20267afd6a44018b21f5b",
        "type": "github"
      },
      "original": {
        "owner": "rust-lang",
        "ref": "nightly",
        "repo": "rust-analyzer",
        "type": "github"
      }
    },
    "substrate-submodule": {
      "flake": false,
      "locked": {
        "lastModified": 1667651155,
        "narHash": "sha256-5mbKqTW/vJNZZ56W0EHyiqKEfQTWUXQQF1eCmRbEGpo=",
        "ref": "40aefb4ac396bcd098755c6d57dac7b284a343e7",
        "rev": "40aefb4ac396bcd098755c6d57dac7b284a343e7",
        "revCount": 3602,
        "type": "git",
        "url": "file:./hosts/substrate"
      },
      "original": {
        "type": "git",
        "url": "file:./hosts/substrate"
      }
    },
    "utils": {
      "locked": {
        "lastModified": 1667395993,
        "narHash": "sha256-nuEHfE/LcWyuSWnS8t12N1wc105Qtau+/OdUAjtQ0rA=",
        "owner": "numtide",
        "repo": "flake-utils",
        "rev": "5aed5285a952e0b949eb3ba02c12fa4fcfef535f",
        "type": "github"
      },
      "original": {
        "owner": "numtide",
        "repo": "flake-utils",
        "type": "github"
      }
    }
  },
  "root": "root",
  "version": 7
}
