{
  "nodes": {
    "mozilla": {
      "flake": false,
      "locked": {
        "lastModified": 1622726979,
        "narHash": "sha256-JCBPZVQ4aGe3cmnQc1tjJRwaxqz1b60piQz+/F9CMtc=",
        "owner": "mozilla",
        "repo": "nixpkgs-mozilla",
        "rev": "3f3fba4e2066f28a1ad7ac60e86a688a92eb5b5f",
        "type": "github"
      },
      "original": {
        "owner": "mozilla",
        "repo": "nixpkgs-mozilla",
        "type": "github"
      }
    },
    "naersk": {
      "inputs": {
        "nixpkgs": [
          "nixpkgs"
        ]
      },
      "locked": {
        "lastModified": 1623927034,
        "narHash": "sha256-sGxlmfp5eXL5sAMNqHSb04Zq6gPl+JeltIZ226OYN0w=",
        "owner": "nmattia",
        "repo": "naersk",
        "rev": "e09c320446c5c2516d430803f7b19f5833781337",
        "type": "github"
      },
      "original": {
        "owner": "nmattia",
        "repo": "naersk",
        "type": "github"
      }
    },
    "nixpkgs": {
      "locked": {
        "lastModified": 1631452463,
        "narHash": "sha256-/BMbXjACbkemEB0cULa4/DFNAHusavOzRJL/VX2FIuM=",
        "path": "/nix/store/lbnz6fz8g2fzyhxp73bf8y5vmxrpbfxn-source",
        "rev": "e85f0175e3effe9ba191d66c09e8f1b7d6362d5e",
        "type": "path"
      },
      "original": {
        "id": "nixpkgs",
        "type": "indirect"
      }
    },
    "root": {
      "inputs": {
        "mozilla": "mozilla",
        "naersk": "naersk",
        "nixpkgs": "nixpkgs",
        "utils": "utils"
      }
    },
    "utils": {
      "locked": {
        "lastModified": 1623875721,
        "narHash": "sha256-A8BU7bjS5GirpAUv4QA+QnJ4CceLHkcXdRp4xITDB0s=",
        "owner": "numtide",
        "repo": "flake-utils",
        "rev": "f7e004a55b120c02ecb6219596820fcd32ca8772",
        "type": "github"
      },
      "original": {
        "owner": "numtide",
        "repo": "flake-utils",
        "type": "github"
      }
    }
  },
  "root": "root",
  "version": 7
}
